
Microsoft Visual Studio Solution File, Format Version 12.00
# Visual Studio Version 16
VisualStudioVersion = 16.0.28803.202
MinimumVisualStudioVersion = 10.0.40219.1
Project("{9A19103F-16F7-4668-BE54-9A1E7A4F7556}") = "PizzaCrock.Domain", "PizzaCrock.Domain\PizzaCrock.Domain.csproj", "{36C99A77-DEAE-4229-91A4-E949BD4FDBE5}"
EndProject
Project("{9A19103F-16F7-4668-BE54-9A1E7A4F7556}") = "PizzaCrock.Api", "PizzaCrock.Api\PizzaCrock.Api.csproj", "{8F5295F3-9CAE-4379-A48A-19D99F4011F1}"
EndProject
Project("{9A19103F-16F7-4668-BE54-9A1E7A4F7556}") = "PizzaCrock.Infra", "PizzaCrock.Infra\PizzaCrock.Infra.csproj", "{F56748CC-188B-4329-B97E-FE4FF97AC407}"
EndProject
Project("{9A19103F-16F7-4668-BE54-9A1E7A4F7556}") = "PizzaCrock.Tests", "PizzaCrock.Tests\PizzaCrock.Tests.csproj", "{4430DA48-5CCC-4253-8B65-10EC31DB1B24}"
EndProject
Project("{FAE04EC0-301F-11D3-BF4B-00C04F79EFBC}") = "PizzaCrock.Shared", "PizzaCrock.Shared\PizzaCrock.Shared.csproj", "{04F6761D-FC29-441C-9D3F-5921FB661972}"
EndProject
Global
	GlobalSection(SolutionConfigurationPlatforms) = preSolution
		Debug|Any CPU = Debug|Any CPU
		Release|Any CPU = Release|Any CPU
	EndGlobalSection
	GlobalSection(ProjectConfigurationPlatforms) = postSolution
		{36C99A77-DEAE-4229-91A4-E949BD4FDBE5}.Debug|Any CPU.ActiveCfg = Debug|Any CPU
		{36C99A77-DEAE-4229-91A4-E949BD4FDBE5}.Debug|Any CPU.Build.0 = Debug|Any CPU
		{36C99A77-DEAE-4229-91A4-E949BD4FDBE5}.Release|Any CPU.ActiveCfg = Release|Any CPU
		{36C99A77-DEAE-4229-91A4-E949BD4FDBE5}.Release|Any CPU.Build.0 = Release|Any CPU
		{8F5295F3-9CAE-4379-A48A-19D99F4011F1}.Debug|Any CPU.ActiveCfg = Debug|Any CPU
		{8F5295F3-9CAE-4379-A48A-19D99F4011F1}.Debug|Any CPU.Build.0 = Debug|Any CPU
		{8F5295F3-9CAE-4379-A48A-19D99F4011F1}.Release|Any CPU.ActiveCfg = Release|Any CPU
		{8F5295F3-9CAE-4379-A48A-19D99F4011F1}.Release|Any CPU.Build.0 = Release|Any CPU
		{F56748CC-188B-4329-B97E-FE4FF97AC407}.Debug|Any CPU.ActiveCfg = Debug|Any CPU
		{F56748CC-188B-4329-B97E-FE4FF97AC407}.Debug|Any CPU.Build.0 = Debug|Any CPU
		{F56748CC-188B-4329-B97E-FE4FF97AC407}.Release|Any CPU.ActiveCfg = Release|Any CPU
		{F56748CC-188B-4329-B97E-FE4FF97AC407}.Release|Any CPU.Build.0 = Release|Any CPU
		{4430DA48-5CCC-4253-8B65-10EC31DB1B24}.Debug|Any CPU.ActiveCfg = Debug|Any CPU
		{4430DA48-5CCC-4253-8B65-10EC31DB1B24}.Debug|Any CPU.Build.0 = Debug|Any CPU
		{4430DA48-5CCC-4253-8B65-10EC31DB1B24}.Release|Any CPU.ActiveCfg = Release|Any CPU
		{4430DA48-5CCC-4253-8B65-10EC31DB1B24}.Release|Any CPU.Build.0 = Release|Any CPU
		{04F6761D-FC29-441C-9D3F-5921FB661972}.Debug|Any CPU.ActiveCfg = Debug|Any CPU
		{04F6761D-FC29-441C-9D3F-5921FB661972}.Debug|Any CPU.Build.0 = Debug|Any CPU
		{04F6761D-FC29-441C-9D3F-5921FB661972}.Release|Any CPU.ActiveCfg = Release|Any CPU
		{04F6761D-FC29-441C-9D3F-5921FB661972}.Release|Any CPU.Build.0 = Release|Any CPU
	EndGlobalSection
	GlobalSection(SolutionProperties) = preSolution
		HideSolutionNode = FALSE
	EndGlobalSection
	GlobalSection(ExtensibilityGlobals) = postSolution
		SolutionGuid = {11C56652-EE2A-44B6-8F22-AB0F6A5D00CC}
	EndGlobalSection
EndGlobal
